{
  "name": "dialog-error",
  "version": "0.1.0",
  "lockfileVersion": 3,
  "requires": true,
  "packages": {
    "": {
      "name": "dialog-error",
      "version": "0.1.0",
      "dependencies": {
        "@syncfusion/ej2-base": "20.4.51",
        "@syncfusion/ej2-data": "^20.2.38",
        "@syncfusion/ej2-icons": "^20.2.38",
        "@syncfusion/ej2-react-base": "20.4.54",
        "@syncfusion/ej2-react-buttons": "^20.2.38",
        "@syncfusion/ej2-react-calendars": "^20.2.50",
        "@syncfusion/ej2-react-diagrams": "^20.4.40",
        "@syncfusion/ej2-react-dropdowns": "^20.2.40",
        "@syncfusion/ej2-react-gantt": "^20.2.40",
        "@syncfusion/ej2-react-grids": "^20.2.36",
        "@syncfusion/ej2-react-inputs": "^20.2.38",
        "@syncfusion/ej2-react-kanban": "^20.3.49",
        "@syncfusion/ej2-react-layouts": "^20.3.58",
        "@syncfusion/ej2-react-lists": "^20.3.56",
        "@syncfusion/ej2-react-navigations": "^20.4.52",
        "@syncfusion/ej2-react-notifications": "^20.4.38",
        "@syncfusion/ej2-react-popups": "^20.3.59",
        "@syncfusion/ej2-react-querybuilder": "^20.3.59",
        "@syncfusion/ej2-react-richtexteditor": "^20.4.38",
        "@syncfusion/ej2-react-schedule": "^20.3.58",
        "@syncfusion/ej2-react-splitbuttons": "^20.3.56",
        "@syncfusion/ej2-react-treegrid": "20.4.54",
        "@types/node": "20.5.0",
        "@types/react": "18.2.20",
        "@types/react-dom": "18.2.7",
        "i18next": "22.4.15",
        "next": "13.4.17",
        "react": "18.2.0",
        "react-dom": "18.2.0",
        "react-error-boundary": "4.0.4",
        "react-i18next": "^12.2.2",
        "swr": "2.1.5",
        "typescript": "5.1.6"
      }
    },
    "../platform-domain": {
      "name": "@mvdtech/platform-domain",
      "version": "0.0.29",
      "extraneous": true,
      "license": "ISC",
      "devDependencies": {
        "typescript": "^5.0.4"
      }
    },
    "node_modules/@babel/runtime": {
      "version": "7.22.6",
      "resolved": "https://registry.npmjs.org/@babel/runtime/-/runtime-7.22.6.tgz",
      "integrity": "sha512-wDb5pWm4WDdF6LFUde3Jl8WzPA+3ZbxYqkC6xAXuD3irdEHN1k0NfTRrJD8ZD378SJ61miMLCqIOXYhd8x+AJQ==",
      "dependencies": {
        "regenerator-runtime": "^0.13.11"
      },
      "engines": {
        "node": ">=6.9.0"
      }
    },
    "node_modules/@next/env": {
      "version": "13.4.17",
      "resolved": "https://registry.npmjs.org/@next/env/-/env-13.4.17.tgz",
      "integrity": "sha512-rSGmt25Wxk0vGzZxDWBLE8jVW/C/JN20P3IhHc2tKVajEGy/oxStD9PbqcbCz6yOub82jYAWLqnoMITnssB+3g=="
    },
    "node_modules/@next/swc-darwin-arm64": {
      "version": "13.4.17",
      "resolved": "https://registry.npmjs.org/@next/swc-darwin-arm64/-/swc-darwin-arm64-13.4.17.tgz",
      "integrity": "sha512-dzsHchMmBwa6w6Gf5sp5+WmVt9/H4KWdSHy45aFE/UNmgr9V9eKfTW29k9Np9glLCEzrwnU1MztbAqDrnV9gEA==",
      "cpu": [
        "arm64"
      ],
      "optional": true,
      "os": [
        "darwin"
      ],
      "engines": {
        "node": ">= 10"
      }
    },
    "node_modules/@next/swc-darwin-x64": {
      "version": "13.4.17",
      "resolved": "https://registry.npmjs.org/@next/swc-darwin-x64/-/swc-darwin-x64-13.4.17.tgz",
      "integrity": "sha512-iH6UpMj3S40cZkJwYD+uBsAYACNu9TUCae47q2kqx1WzO3JuN/m5Zg22Cpwum/HLRJUa7ysJva/FG2noXbI0yw==",
      "cpu": [
        "x64"
      ],
      "optional": true,
      "os": [
        "darwin"
      ],
      "engines": {
        "node": ">= 10"
      }
    },
    "node_modules/@next/swc-linux-arm64-gnu": {
      "version": "13.4.17",
      "resolved": "https://registry.npmjs.org/@next/swc-linux-arm64-gnu/-/swc-linux-arm64-gnu-13.4.17.tgz",
      "integrity": "sha512-yj3YKGkSg52GL+4XhdfidibYJoq/5pYkQAc8Z4Q1e1nJ7CTOKn4KobTDLXqC5QVJncQRxC2u6vGaMLBe2UUa5Q==",
      "cpu": [
        "arm64"
      ],
      "optional": true,
      "os": [
        "linux"
      ],
      "engines": {
        "node": ">= 10"
      }
    },
    "node_modules/@next/swc-linux-arm64-musl": {
      "version": "13.4.17",
      "resolved": "https://registry.npmjs.org/@next/swc-linux-arm64-musl/-/swc-linux-arm64-musl-13.4.17.tgz",
      "integrity": "sha512-w8+8ShThIgIgIkLk22NY+ZMF/yf5Dl6+tqOaNUzXy6b0gQSwtpVb0t4eSTx2VUqRxLl36dv9cqomGbthvuPiGA==",
      "cpu": [
        "arm64"
      ],
      "optional": true,
      "os": [
        "linux"
      ],
      "engines": {
        "node": ">= 10"
      }
    },
    "node_modules/@next/swc-linux-x64-gnu": {
      "version": "13.4.17",
      "resolved": "https://registry.npmjs.org/@next/swc-linux-x64-gnu/-/swc-linux-x64-gnu-13.4.17.tgz",
      "integrity": "sha512-IQlJNdxvfqgHxJU6ITERf9qaA0m6mRo/gD0al/5CcXvs6cDihR/UzI09Bc+3vQSJV3ACAzrZjsF7dtdzVutvog==",
      "cpu": [
        "x64"
      ],
      "optional": true,
      "os": [
        "linux"
      ],
      "engines": {
        "node": ">= 10"
      }
    },
    "node_modules/@next/swc-linux-x64-musl": {
      "version": "13.4.17",
      "resolved": "https://registry.npmjs.org/@next/swc-linux-x64-musl/-/swc-linux-x64-musl-13.4.17.tgz",
      "integrity": "sha512-retAiJGtOS216pqAcNOwBUOqgqDH7kYzzj4jLrfVcb/sCQJ+JawMwayc3LEbpvMDZx8CHLECcs6bB45mMxkZEw==",
      "cpu": [
        "x64"
      ],
      "optional": true,
      "os": [
        "linux"
      ],
      "engines": {
        "node": ">= 10"
      }
    },
    "node_modules/@next/swc-win32-arm64-msvc": {
      "version": "13.4.17",
      "resolved": "https://registry.npmjs.org/@next/swc-win32-arm64-msvc/-/swc-win32-arm64-msvc-13.4.17.tgz",
      "integrity": "sha512-PtaemQL9rwoRtS6kgjXxfRQLUbzBmtMxaXZTBnKnb+EjrDFkC+YI82kktL97LMrHRGQsMJcBQQtNQDJCBJmu2Q==",
      "cpu": [
        "arm64"
      ],
      "optional": true,
      "os": [
        "win32"
      ],
      "engines": {
        "node": ">= 10"
      }
    },
    "node_modules/@next/swc-win32-ia32-msvc": {
      "version": "13.4.17",
      "resolved": "https://registry.npmjs.org/@next/swc-win32-ia32-msvc/-/swc-win32-ia32-msvc-13.4.17.tgz",
      "integrity": "sha512-5jJVxit2B3g/zRWJJ6/YeMHBch7PL10O5qR5BZyuFCoO/bg6MPtz5+U+FvbVCSgCKePU19lRGNsyX+BAu/V+vw==",
      "cpu": [
        "ia32"
      ],
      "optional": true,
      "os": [
        "win32"
      ],
      "engines": {
        "node": ">= 10"
      }
    },
    "node_modules/@next/swc-win32-x64-msvc": {
      "version": "13.4.17",
      "resolved": "https://registry.npmjs.org/@next/swc-win32-x64-msvc/-/swc-win32-x64-msvc-13.4.17.tgz",
      "integrity": "sha512-3QOf2LfziycZW1iVgiA63xVVUMkawurZJ/jwgBqziUNw4r8XHLenNTgbn5XcdHqKuZKUuLSi/6v1/4myGWM0GA==",
      "cpu": [
        "x64"
      ],
      "optional": true,
      "os": [
        "win32"
      ],
      "engines": {
        "node": ">= 10"
      }
    },
    "node_modules/@swc/helpers": {
      "version": "0.5.1",
      "resolved": "https://registry.npmjs.org/@swc/helpers/-/helpers-0.5.1.tgz",
      "integrity": "sha512-sJ902EfIzn1Fa+qYmjdQqh8tPsoxyBz+8yBKC2HKUxyezKJFwPGOn7pv4WY6QuQW//ySQi5lJjA/ZT9sNWWNTg==",
      "dependencies": {
        "tslib": "^2.4.0"
      }
    },
    "node_modules/@syncfusion/ej2-base": {
      "version": "20.4.51",
      "resolved": "https://registry.npmjs.org/@syncfusion/ej2-base/-/ej2-base-20.4.51.tgz",
      "integrity": "sha512-nVyqylTXFuEMZARmqAtGQVadqDwwqgKSC4r1IYwSEc8FoEa2mBxlhQWPjBN7SucwAGAh9aQvnkqIJjSCy8jZiA==",
      "dependencies": {
        "@syncfusion/ej2-icons": "~20.4.48"
      },
      "bin": {
        "syncfusion-license": "bin/syncfusion-license.js"
      }
    },
    "node_modules/@syncfusion/ej2-buttons": {
      "version": "20.4.53",
      "resolved": "https://registry.npmjs.org/@syncfusion/ej2-buttons/-/ej2-buttons-20.4.53.tgz",
      "integrity": "sha512-o3/Blcs9VisB7oAoLd6x2jFGIHGY7COzMpEj9jWOdHZMtxj9tCqeqgT8A2NHRzHFFsJSAA/G3+lZs8Hh2SZNOw==",
      "dependencies": {
        "@syncfusion/ej2-base": "~20.4.51"
      }
    },
    "node_modules/@syncfusion/ej2-calendars": {
      "version": "20.4.54",
      "resolved": "https://registry.npmjs.org/@syncfusion/ej2-calendars/-/ej2-calendars-20.4.54.tgz",
      "integrity": "sha512-+Vgay++qCmJEWSta+5e0d6NUdPGuepmfxZu5Vza5J48bMfgHmvGn6Vs1hXn31rpDmSFPFuO3+3qM1jGyHZf+4g==",
      "dependencies": {
        "@syncfusion/ej2-base": "~20.4.51",
        "@syncfusion/ej2-buttons": "~20.4.53",
        "@syncfusion/ej2-inputs": "~20.4.54",
        "@syncfusion/ej2-lists": "~20.4.50",
        "@syncfusion/ej2-popups": "~20.4.53"
      }
    },
    "node_modules/@syncfusion/ej2-compression": {
      "version": "20.4.48",
      "resolved": "https://registry.npmjs.org/@syncfusion/ej2-compression/-/ej2-compression-20.4.48.tgz",
      "integrity": "sha512-ikl8XIn5+ZqLIwuMBDLcC+zjXHq1P1l4MCwAzIebUcOeU7+W64wAFn7SR/fZ0spBpSnvi/avQXyNB55mYJ/mlQ==",
      "dependencies": {
        "@syncfusion/ej2-file-utils": "~20.4.48"
      }
    },
    "node_modules/@syncfusion/ej2-data": {
      "version": "20.4.48",
      "resolved": "https://registry.npmjs.org/@syncfusion/ej2-data/-/ej2-data-20.4.48.tgz",
      "integrity": "sha512-RQ0bplZ20GmmBuJYXSMKVGUGpap0Sx7Zls4tL7+IBIIq+jdGNat80b6pemJAKxyZfy3iCB0+L4L2LVAlfN+KTw==",
      "dependencies": {
        "@syncfusion/ej2-base": "~20.4.48"
      }
    },
    "node_modules/@syncfusion/ej2-diagrams": {
      "version": "20.4.54",
      "resolved": "https://registry.npmjs.org/@syncfusion/ej2-diagrams/-/ej2-diagrams-20.4.54.tgz",
      "integrity": "sha512-xlksi9QDMnQQlQjz8gIxCQdhpeyhYl28qbf0KjuoGdLfur4/B4S7QOov3+CAt28GLuAAk2ehyOU+z+LY8JFF0w==",
      "dependencies": {
        "@syncfusion/ej2-base": "~20.4.51",
        "@syncfusion/ej2-buttons": "~20.4.53",
        "@syncfusion/ej2-data": "~20.4.48",
        "@syncfusion/ej2-inputs": "~20.4.54",
        "@syncfusion/ej2-lists": "~20.4.50",
        "@syncfusion/ej2-navigations": "~20.4.53",
        "@syncfusion/ej2-popups": "~20.4.53"
      }
    },
    "node_modules/@syncfusion/ej2-dropdowns": {
      "version": "20.4.54",
      "resolved": "https://registry.npmjs.org/@syncfusion/ej2-dropdowns/-/ej2-dropdowns-20.4.54.tgz",
      "integrity": "sha512-g/w9Iq9zD+WTE0WQ0d79UNBTGxzfsDj+DbmqKLIpRyjIo2uZPzo9p+keMgv7IsCRNQKsQv5YEzxUpUVA3/mQEA==",
      "dependencies": {
        "@syncfusion/ej2-base": "~20.4.51",
        "@syncfusion/ej2-data": "~20.4.48",
        "@syncfusion/ej2-inputs": "~20.4.54",
        "@syncfusion/ej2-lists": "~20.4.50",
        "@syncfusion/ej2-navigations": "~20.4.53",
        "@syncfusion/ej2-popups": "~20.4.53"
      }
    },
    "node_modules/@syncfusion/ej2-excel-export": {
      "version": "20.4.53",
      "resolved": "https://registry.npmjs.org/@syncfusion/ej2-excel-export/-/ej2-excel-export-20.4.53.tgz",
      "integrity": "sha512-psou2Gp3y31lL2CqZWpxKaXaVEK9GVFBL8my6A8fBHo1KFPrWBoWw0BrO582fmi7B0s72gD8VMCnriDo58R4nA==",
      "dependencies": {
        "@syncfusion/ej2-base": "~20.4.51",
        "@syncfusion/ej2-compression": "~20.4.48"
      }
    },
    "node_modules/@syncfusion/ej2-file-utils": {
      "version": "20.4.48",
      "resolved": "https://registry.npmjs.org/@syncfusion/ej2-file-utils/-/ej2-file-utils-20.4.48.tgz",
      "integrity": "sha512-B5cMQUhTtWYeDYz34saRKGGp49gNG+MdFljvsd+ljF9wnqRw9c+p74uYNeppyswn+2OiHA0AC0M1PHD9GIlE2g=="
    },
    "node_modules/@syncfusion/ej2-filemanager": {
      "version": "20.4.54",
      "resolved": "https://registry.npmjs.org/@syncfusion/ej2-filemanager/-/ej2-filemanager-20.4.54.tgz",
      "integrity": "sha512-UGs6/uog3niBzJqvrqStGVDgtNIZ2oWmDNIX7Sfolbi3CGqfIDRwoGt4qF+4Qt+UXsz9Ds5uMqLXNLNiUes7eQ==",
      "dependencies": {
        "@syncfusion/ej2-base": "~20.4.51",
        "@syncfusion/ej2-buttons": "~20.4.53",
        "@syncfusion/ej2-data": "~20.4.48",
        "@syncfusion/ej2-grids": "~20.4.54",
        "@syncfusion/ej2-inputs": "~20.4.54",
        "@syncfusion/ej2-layouts": "~20.4.53",
        "@syncfusion/ej2-lists": "~20.4.50",
        "@syncfusion/ej2-navigations": "~20.4.53",
        "@syncfusion/ej2-popups": "~20.4.53",
        "@syncfusion/ej2-splitbuttons": "~20.4.50"
      }
    },
    "node_modules/@syncfusion/ej2-gantt": {
      "version": "20.4.54",
      "resolved": "https://registry.npmjs.org/@syncfusion/ej2-gantt/-/ej2-gantt-20.4.54.tgz",
      "integrity": "sha512-sfY8Uv/t4a2we5MvC4JOpkI7sJ5IretubtWL69R61IiVkZFZMephjERZQNoIh4uBMTHWyoYI4oAI+XVr56yNnQ==",
      "dependencies": {
        "@syncfusion/ej2-base": "~20.4.51",
        "@syncfusion/ej2-buttons": "~20.4.53",
        "@syncfusion/ej2-calendars": "~20.4.54",
        "@syncfusion/ej2-data": "~20.4.48",
        "@syncfusion/ej2-dropdowns": "~20.4.54",
        "@syncfusion/ej2-grids": "~20.4.54",
        "@syncfusion/ej2-inputs": "~20.4.54",
        "@syncfusion/ej2-layouts": "~20.4.53",
        "@syncfusion/ej2-lists": "~20.4.50",
        "@syncfusion/ej2-navigations": "~20.4.53",
        "@syncfusion/ej2-notifications": "~20.4.48",
        "@syncfusion/ej2-popups": "~20.4.53",
        "@syncfusion/ej2-richtexteditor": "~20.4.53",
        "@syncfusion/ej2-treegrid": "~20.4.54"
      }
    },
    "node_modules/@syncfusion/ej2-grids": {
      "version": "20.4.54",
      "resolved": "https://registry.npmjs.org/@syncfusion/ej2-grids/-/ej2-grids-20.4.54.tgz",
      "integrity": "sha512-8hJ96KqCRw5F0Cwp+0u/hmAxPC0OxwBp7XEArbczE5SulFpT08JF6GGEucy0do2ZCL1BW2Nkr1n4ys4NEZ0OCA==",
      "dependencies": {
        "@syncfusion/ej2-base": "~20.4.51",
        "@syncfusion/ej2-buttons": "~20.4.53",
        "@syncfusion/ej2-calendars": "~20.4.54",
        "@syncfusion/ej2-compression": "~20.4.48",
        "@syncfusion/ej2-data": "~20.4.48",
        "@syncfusion/ej2-dropdowns": "~20.4.54",
        "@syncfusion/ej2-excel-export": "~20.4.53",
        "@syncfusion/ej2-file-utils": "~20.4.48",
        "@syncfusion/ej2-inputs": "~20.4.54",
        "@syncfusion/ej2-lists": "~20.4.50",
        "@syncfusion/ej2-navigations": "~20.4.53",
        "@syncfusion/ej2-notifications": "~20.4.48",
        "@syncfusion/ej2-pdf-export": "~20.4.48",
        "@syncfusion/ej2-popups": "~20.4.53",
        "@syncfusion/ej2-splitbuttons": "~20.4.50"
      }
    },
    "node_modules/@syncfusion/ej2-icons": {
      "version": "20.4.48",
      "resolved": "https://registry.npmjs.org/@syncfusion/ej2-icons/-/ej2-icons-20.4.48.tgz",
      "integrity": "sha512-uPV4RzwxQ3cj6Zx4h6VvsEmrCGL9ssKG62Pa12k1fow915QSSQkJ0WZ6dBHIdXbk5nSDp2J2wDlV+5h3Ici+sg=="
    },
    "node_modules/@syncfusion/ej2-inputs": {
      "version": "20.4.54",
      "resolved": "https://registry.npmjs.org/@syncfusion/ej2-inputs/-/ej2-inputs-20.4.54.tgz",
      "integrity": "sha512-xmNc4uIIfm/5nZybat4dniqYzej9QYP7YBT3LoQyITMko8p3D5+iNMg1LjK7d/KhCYK85phkfjp3WzdFzmtzhw==",
      "dependencies": {
        "@syncfusion/ej2-base": "~20.4.51",
        "@syncfusion/ej2-buttons": "~20.4.53",
        "@syncfusion/ej2-popups": "~20.4.53",
        "@syncfusion/ej2-splitbuttons": "~20.4.50"
      }
    },
    "node_modules/@syncfusion/ej2-kanban": {
      "version": "20.4.54",
      "resolved": "https://registry.npmjs.org/@syncfusion/ej2-kanban/-/ej2-kanban-20.4.54.tgz",
      "integrity": "sha512-h9KZ7ekm3GxG5QUCmiT79c7mogRhMeyGXOPsUttZEORG8p8huPwEmXqkhF1qNIhirrMQRIYBF5Ww9PUbGlx5AQ==",
      "dependencies": {
        "@syncfusion/ej2-base": "~20.4.51",
        "@syncfusion/ej2-buttons": "~20.4.53",
        "@syncfusion/ej2-data": "~20.4.48",
        "@syncfusion/ej2-dropdowns": "~20.4.54",
        "@syncfusion/ej2-inputs": "~20.4.54",
        "@syncfusion/ej2-layouts": "~20.4.53",
        "@syncfusion/ej2-navigations": "~20.4.53",
        "@syncfusion/ej2-popups": "~20.4.53"
      }
    },
    "node_modules/@syncfusion/ej2-layouts": {
      "version": "20.4.53",
      "resolved": "https://registry.npmjs.org/@syncfusion/ej2-layouts/-/ej2-layouts-20.4.53.tgz",
      "integrity": "sha512-eOs7iWMki71Spi4Y6F2oIe5xP1JNuBSNKSN58jizc8fxgHXqLw/m1apjJ3bHLbTYhqVcKnD9F9+IYtSEunAeNg==",
      "dependencies": {
        "@syncfusion/ej2-base": "~20.4.51"
      }
    },
    "node_modules/@syncfusion/ej2-lists": {
      "version": "20.4.50",
      "resolved": "https://registry.npmjs.org/@syncfusion/ej2-lists/-/ej2-lists-20.4.50.tgz",
      "integrity": "sha512-Kw0LtJ4ypp6bzO1In4H5QF3LfWQlAqPPLtDWkb8yXxwatDH8nDAJP/yln9Ljm3wZfQFB1hvCJO/Digyl2l+OUw==",
      "dependencies": {
        "@syncfusion/ej2-base": "~20.4.48",
        "@syncfusion/ej2-buttons": "~20.4.50",
        "@syncfusion/ej2-data": "~20.4.48"
      }
    },
    "node_modules/@syncfusion/ej2-navigations": {
      "version": "20.4.53",
      "resolved": "https://registry.npmjs.org/@syncfusion/ej2-navigations/-/ej2-navigations-20.4.53.tgz",
      "integrity": "sha512-+dYgrhzZ1S29jY2485gaQg+5Hib2cNbhX7TWJW7bFtGMdsq+BoqpFr2dUIAN+rLlLs8uqZ/jFUYe1cR2JVCQAg==",
      "dependencies": {
        "@syncfusion/ej2-base": "~20.4.51",
        "@syncfusion/ej2-buttons": "~20.4.53",
        "@syncfusion/ej2-data": "~20.4.48",
        "@syncfusion/ej2-inputs": "~20.4.52",
        "@syncfusion/ej2-lists": "~20.4.50",
        "@syncfusion/ej2-popups": "~20.4.53"
      }
    },
    "node_modules/@syncfusion/ej2-notifications": {
      "version": "20.4.48",
      "resolved": "https://registry.npmjs.org/@syncfusion/ej2-notifications/-/ej2-notifications-20.4.48.tgz",
      "integrity": "sha512-WUKBOTo8AWA7P7skpcKW9WXbuJPeiEAanH/d5oj8oWhpW6KG48hWeROz3Et4dvGnNKme4BHo6PRd5E8On7xUSw==",
      "dependencies": {
        "@syncfusion/ej2-base": "~20.4.48",
        "@syncfusion/ej2-buttons": "~20.4.48",
        "@syncfusion/ej2-popups": "~20.4.48"
      }
    },
    "node_modules/@syncfusion/ej2-pdf-export": {
      "version": "20.4.48",
      "resolved": "https://registry.npmjs.org/@syncfusion/ej2-pdf-export/-/ej2-pdf-export-20.4.48.tgz",
      "integrity": "sha512-HE4k5SCxN49eqfkOVmy3+PMwa4MfzCmd15CQYYF7KpdmMhHBOk63KL5gRJqcD5GnGNE403PfnB8h4Y7kq1DK8w==",
      "dependencies": {
        "@syncfusion/ej2-compression": "~20.4.48"
      }
    },
    "node_modules/@syncfusion/ej2-popups": {
      "version": "20.4.53",
      "resolved": "https://registry.npmjs.org/@syncfusion/ej2-popups/-/ej2-popups-20.4.53.tgz",
      "integrity": "sha512-EtRwPk8e+rDpdUxoHQtP43JMT67130bM58GK6bby6amrMBdcTMtQ6Iuv2sXBpdP+hp/0QvfNM49xjaEJD4JnsQ==",
      "dependencies": {
        "@syncfusion/ej2-base": "~20.4.51",
        "@syncfusion/ej2-buttons": "~20.4.53"
      }
    },
    "node_modules/@syncfusion/ej2-querybuilder": {
      "version": "20.4.51",
      "resolved": "https://registry.npmjs.org/@syncfusion/ej2-querybuilder/-/ej2-querybuilder-20.4.51.tgz",
      "integrity": "sha512-JbVEH/giKAq7AduzmZUDNwBAJemHlsBML0OFDylxo6NT2uPUI3Tl2s5Btz9zo0x11NFJ7SQkItUssEJu7C7DSA==",
      "dependencies": {
        "@syncfusion/ej2-base": "~20.4.51",
        "@syncfusion/ej2-buttons": "~20.4.50",
        "@syncfusion/ej2-calendars": "~20.4.51",
        "@syncfusion/ej2-dropdowns": "~20.4.51",
        "@syncfusion/ej2-inputs": "~20.4.51",
        "@syncfusion/ej2-splitbuttons": "~20.4.50"
      }
    },
    "node_modules/@syncfusion/ej2-react-base": {
      "version": "20.4.54",
      "resolved": "https://registry.npmjs.org/@syncfusion/ej2-react-base/-/ej2-react-base-20.4.54.tgz",
      "integrity": "sha512-sgJJLm6W1JFfrlmka1OC0PCwNfSLHWK28vcuDplxKYU6SKnZ7TLcxFNxA5MoIvaJLVWsBjYKOUfJH/3AuADoGg==",
      "dependencies": {
        "@syncfusion/ej2-base": "~20.4.51"
      }
    },
    "node_modules/@syncfusion/ej2-react-buttons": {
      "version": "20.4.53",
      "resolved": "https://registry.npmjs.org/@syncfusion/ej2-react-buttons/-/ej2-react-buttons-20.4.53.tgz",
      "integrity": "sha512-EcQ4QqRT9sJPh1KY/bjXojru9a0eAfmSHTiSkOQENJa3bSHng3UcxAo+L7e5ibRbDAlS8mDU4vYSoTsJSWNnew==",
      "dependencies": {
        "@syncfusion/ej2-base": "~20.4.51",
        "@syncfusion/ej2-buttons": "20.4.53",
        "@syncfusion/ej2-react-base": "~20.4.48"
      }
    },
    "node_modules/@syncfusion/ej2-react-calendars": {
      "version": "20.4.54",
      "resolved": "https://registry.npmjs.org/@syncfusion/ej2-react-calendars/-/ej2-react-calendars-20.4.54.tgz",
      "integrity": "sha512-a62rHF225ezhUcf/9nvb3/fe6k/d7Mz8VNq2ah9Q9g7lYRxSTCu/YnLuQC+MWRowNPTQHA5i4A++NI58UsoHrg==",
      "dependencies": {
        "@syncfusion/ej2-base": "~20.4.51",
        "@syncfusion/ej2-calendars": "20.4.54",
        "@syncfusion/ej2-react-base": "~20.4.54"
      }
    },
    "node_modules/@syncfusion/ej2-react-diagrams": {
      "version": "20.4.54",
      "resolved": "https://registry.npmjs.org/@syncfusion/ej2-react-diagrams/-/ej2-react-diagrams-20.4.54.tgz",
      "integrity": "sha512-5Ivkivr9ez2tRdKKSslX70mapALsYMWpRxq6GdOG+FFsK/Mbv2GvrSegrmrvMbdQodGz6lYDsi3Atnc1d0UBCw==",
      "dependencies": {
        "@syncfusion/ej2-base": "~20.4.51",
        "@syncfusion/ej2-diagrams": "20.4.54",
        "@syncfusion/ej2-react-base": "~20.4.54"
      }
    },
    "node_modules/@syncfusion/ej2-react-dropdowns": {
      "version": "20.4.54",
      "resolved": "https://registry.npmjs.org/@syncfusion/ej2-react-dropdowns/-/ej2-react-dropdowns-20.4.54.tgz",
      "integrity": "sha512-aY+7DK1yXG3c6Umk8jmjhxbC5ITrYhGvSBegDOUVU5vStgPN+lL0oxpwFqGW4bSdIzhWyxmaYrfqZpQ4lnMB7g==",
      "dependencies": {
        "@syncfusion/ej2-base": "~20.4.51",
        "@syncfusion/ej2-dropdowns": "20.4.54",
        "@syncfusion/ej2-react-base": "~20.4.54"
      }
    },
    "node_modules/@syncfusion/ej2-react-gantt": {
      "version": "20.4.54",
      "resolved": "https://registry.npmjs.org/@syncfusion/ej2-react-gantt/-/ej2-react-gantt-20.4.54.tgz",
      "integrity": "sha512-NNbTGLA5SYhDIfJagThqfBYEddBkgMVgDVTcbYi3ldBbfc/tWT1Qr2DspkxELHgxK5PtHQA7PIxaVr8jQ1aI/A==",
      "dependencies": {
        "@syncfusion/ej2-base": "~20.4.51",
        "@syncfusion/ej2-gantt": "20.4.54",
        "@syncfusion/ej2-react-base": "~20.4.54"
      }
    },
    "node_modules/@syncfusion/ej2-react-grids": {
      "version": "20.4.54",
      "resolved": "https://registry.npmjs.org/@syncfusion/ej2-react-grids/-/ej2-react-grids-20.4.54.tgz",
      "integrity": "sha512-0ydf9fDay2MM3yzGK7SxOBU4gTNrXyB2ILO28khQUvdv7AwlYqL6v2JKfToK2lpfZG5UTSkGMaRGZkMvj1SNGQ==",
      "dependencies": {
        "@syncfusion/ej2-base": "~20.4.51",
        "@syncfusion/ej2-grids": "20.4.54",
        "@syncfusion/ej2-react-base": "~20.4.54"
      }
    },
    "node_modules/@syncfusion/ej2-react-inputs": {
      "version": "20.4.54",
      "resolved": "https://registry.npmjs.org/@syncfusion/ej2-react-inputs/-/ej2-react-inputs-20.4.54.tgz",
      "integrity": "sha512-et+zmSFUBfFLVF08xbf9x4qrsaiMZO5/yg7vjfryKJJlKFqXlB+Hut6Y88K/sVJ4SL80F1cfDyMfyS1rUqetpA==",
      "dependencies": {
        "@syncfusion/ej2-base": "~20.4.51",
        "@syncfusion/ej2-inputs": "20.4.54",
        "@syncfusion/ej2-react-base": "~20.4.54"
      }
    },
    "node_modules/@syncfusion/ej2-react-kanban": {
      "version": "20.4.54",
      "resolved": "https://registry.npmjs.org/@syncfusion/ej2-react-kanban/-/ej2-react-kanban-20.4.54.tgz",
      "integrity": "sha512-pnJU5+ip+gSkU1rCXV0CmSKIfsnfJ/pxThWvtFqOw1qxz0rBnfqyxNjKScbVfJP0TsKR0Ls05NFA+xXzgvtm5A==",
      "dependencies": {
        "@syncfusion/ej2-base": "~20.4.51",
        "@syncfusion/ej2-kanban": "20.4.54",
        "@syncfusion/ej2-react-base": "~20.4.54"
      }
    },
    "node_modules/@syncfusion/ej2-react-layouts": {
      "version": "20.4.53",
      "resolved": "https://registry.npmjs.org/@syncfusion/ej2-react-layouts/-/ej2-react-layouts-20.4.53.tgz",
      "integrity": "sha512-gx3qjohiaEvT4Q7jD+RFw6nM2SvlfzANGRDaDEbu7XqZi2bXRRwVK4w0Wg4XZwYvPNMKfUdglP0MzfCCmdQcsg==",
      "dependencies": {
        "@syncfusion/ej2-base": "~20.4.51",
        "@syncfusion/ej2-layouts": "20.4.53",
        "@syncfusion/ej2-react-base": "~20.4.48"
      }
    },
    "node_modules/@syncfusion/ej2-react-lists": {
      "version": "20.4.50",
      "resolved": "https://registry.npmjs.org/@syncfusion/ej2-react-lists/-/ej2-react-lists-20.4.50.tgz",
      "integrity": "sha512-ynvAuccrTdY/lZB9wvdXEeFum+8KqRw2tK9lTt5qk5U/vA6YK09io/TtAjEe6D0BudOQF+Nm++JL3qxHgjo57Q==",
      "dependencies": {
        "@syncfusion/ej2-base": "~20.4.48",
        "@syncfusion/ej2-lists": "20.4.50",
        "@syncfusion/ej2-react-base": "~20.4.48"
      }
    },
    "node_modules/@syncfusion/ej2-react-navigations": {
      "version": "20.4.53",
      "resolved": "https://registry.npmjs.org/@syncfusion/ej2-react-navigations/-/ej2-react-navigations-20.4.53.tgz",
      "integrity": "sha512-mY05udiXvaUeXYpg0XnDDODZ+01SIYNZ6LiTqiHiuMlA6jT8S94Jg/bo5S2bRnaPqfZqfgn52/wIfzCKRuwkSg==",
      "dependencies": {
        "@syncfusion/ej2-base": "~20.4.51",
        "@syncfusion/ej2-navigations": "20.4.53",
        "@syncfusion/ej2-react-base": "~20.4.48"
      }
    },
    "node_modules/@syncfusion/ej2-react-notifications": {
      "version": "20.4.48",
      "resolved": "https://registry.npmjs.org/@syncfusion/ej2-react-notifications/-/ej2-react-notifications-20.4.48.tgz",
      "integrity": "sha512-egCRN5GwT54ZvSPiMfqlhHj95LzpQd96uxSPPXBPrXXxODZF/hMYfMWurHctP4kHHDr2dg2EYk/tsxsLLHVvyA==",
      "dependencies": {
        "@syncfusion/ej2-base": "~20.4.48",
        "@syncfusion/ej2-notifications": "20.4.48",
        "@syncfusion/ej2-react-base": "~20.4.48"
      }
    },
    "node_modules/@syncfusion/ej2-react-popups": {
      "version": "20.4.53",
      "resolved": "https://registry.npmjs.org/@syncfusion/ej2-react-popups/-/ej2-react-popups-20.4.53.tgz",
      "integrity": "sha512-6l3ojsBRAx+vuSl5DaNa7e7OQagVM9eLSIYowH9hff8KPagFYdHNaFK2g+GL5cKZqoFV0NUQfduAit5NS7w6YA==",
      "dependencies": {
        "@syncfusion/ej2-base": "~20.4.51",
        "@syncfusion/ej2-popups": "20.4.53",
        "@syncfusion/ej2-react-base": "~20.4.48"
      }
    },
    "node_modules/@syncfusion/ej2-react-querybuilder": {
      "version": "20.4.51",
      "resolved": "https://registry.npmjs.org/@syncfusion/ej2-react-querybuilder/-/ej2-react-querybuilder-20.4.51.tgz",
      "integrity": "sha512-CX4UFtdQLkBZWmTvTxz0dZima8GQ9Lf23BOGDifPhblnRz7kbyQjK9+hPS8NK6lHWgdmPge3q6VBPABHh5YuNw==",
      "dependencies": {
        "@syncfusion/ej2-base": "~20.4.51",
        "@syncfusion/ej2-querybuilder": "20.4.51",
        "@syncfusion/ej2-react-base": "~20.4.48"
      }
    },
    "node_modules/@syncfusion/ej2-react-richtexteditor": {
      "version": "20.4.53",
      "resolved": "https://registry.npmjs.org/@syncfusion/ej2-react-richtexteditor/-/ej2-react-richtexteditor-20.4.53.tgz",
      "integrity": "sha512-PgHF8o2FPptiekS//R555l9I3B4qReDOtT2TOf3K7L5oB//m4bCbnYTdCUj0xv9dJXqyzUSGuP/+qPVfE9LuFA==",
      "dependencies": {
        "@syncfusion/ej2-base": "~20.4.51",
        "@syncfusion/ej2-react-base": "~20.4.48",
        "@syncfusion/ej2-richtexteditor": "20.4.53"
      }
    },
    "node_modules/@syncfusion/ej2-react-schedule": {
      "version": "20.4.53",
      "resolved": "https://registry.npmjs.org/@syncfusion/ej2-react-schedule/-/ej2-react-schedule-20.4.53.tgz",
      "integrity": "sha512-3bEy3uCk7Wx9J2nlkhJvKZoarkFyLITGtWkpabixe46IvaMAPizRIuYezWoIkbniltq8Yt4gNbFlelYxXEmeBA==",
      "dependencies": {
        "@syncfusion/ej2-base": "~20.4.51",
        "@syncfusion/ej2-react-base": "~20.4.48",
        "@syncfusion/ej2-schedule": "20.4.53"
      }
    },
    "node_modules/@syncfusion/ej2-react-splitbuttons": {
      "version": "20.4.50",
      "resolved": "https://registry.npmjs.org/@syncfusion/ej2-react-splitbuttons/-/ej2-react-splitbuttons-20.4.50.tgz",
      "integrity": "sha512-NXOmg+1Jm7MoNUhKBP3xvv830SplBVjbUeni7T90W/BvMRDKGIEdtkwdSIxt9xCP+rfDC6CvWO+/IQb8e/aZ2g==",
      "dependencies": {
        "@syncfusion/ej2-base": "~20.4.48",
        "@syncfusion/ej2-react-base": "~20.4.48",
        "@syncfusion/ej2-splitbuttons": "20.4.50"
      }
    },
    "node_modules/@syncfusion/ej2-react-treegrid": {
      "version": "20.4.54",
      "resolved": "https://registry.npmjs.org/@syncfusion/ej2-react-treegrid/-/ej2-react-treegrid-20.4.54.tgz",
      "integrity": "sha512-dTDMZSK8kuxkIcCLP66eYSsoXrqWwHNkF7tYb5c1tKzct0BAhn6qgB8VTc1XheY+keq6m7sAa716risJBvmj0Q==",
      "dependencies": {
        "@syncfusion/ej2-base": "~20.4.51",
        "@syncfusion/ej2-react-base": "~20.4.54",
        "@syncfusion/ej2-treegrid": "20.4.54"
      }
    },
    "node_modules/@syncfusion/ej2-richtexteditor": {
      "version": "20.4.53",
      "resolved": "https://registry.npmjs.org/@syncfusion/ej2-richtexteditor/-/ej2-richtexteditor-20.4.53.tgz",
      "integrity": "sha512-YYVB+mKpZ1sMmVZzy0bs+Y7xdpLXVIBzC5MauGAJr5emaxG0hfDL31EoJS1dnUclhaQLngXWZ/VRgcUaYi6JIQ==",
      "dependencies": {
        "@syncfusion/ej2-base": "~20.4.51",
        "@syncfusion/ej2-buttons": "~20.4.53",
        "@syncfusion/ej2-filemanager": "~20.4.53",
        "@syncfusion/ej2-inputs": "~20.4.52",
        "@syncfusion/ej2-navigations": "~20.4.53",
        "@syncfusion/ej2-popups": "~20.4.53",
        "@syncfusion/ej2-splitbuttons": "~20.4.50"
      }
    },
    "node_modules/@syncfusion/ej2-schedule": {
      "version": "20.4.53",
      "resolved": "https://registry.npmjs.org/@syncfusion/ej2-schedule/-/ej2-schedule-20.4.53.tgz",
      "integrity": "sha512-rKj8/ZfHBln/KTdBArPOyReBD3BZNv10J5RnfltsJoM2gMiKEy6KDQugVqO6zOQyaIWtLHGZigVEMJuRmaVTWg==",
      "dependencies": {
        "@syncfusion/ej2-base": "~20.4.51",
        "@syncfusion/ej2-buttons": "~20.4.53",
        "@syncfusion/ej2-calendars": "~20.4.52",
        "@syncfusion/ej2-data": "~20.4.48",
        "@syncfusion/ej2-dropdowns": "~20.4.53",
        "@syncfusion/ej2-excel-export": "~20.4.53",
        "@syncfusion/ej2-inputs": "~20.4.52",
        "@syncfusion/ej2-lists": "~20.4.50",
        "@syncfusion/ej2-navigations": "~20.4.53",
        "@syncfusion/ej2-popups": "~20.4.53"
      }
    },
    "node_modules/@syncfusion/ej2-splitbuttons": {
      "version": "20.4.50",
      "resolved": "https://registry.npmjs.org/@syncfusion/ej2-splitbuttons/-/ej2-splitbuttons-20.4.50.tgz",
      "integrity": "sha512-Av/d8K1tuRs/gLnWKVfyLZ7iLhW8DyaqBNdpdYWsjNBuoVpRZdYddOSqPOeOzq5Upd6DzCkGpUfT3WDpAoNH7w==",
      "dependencies": {
        "@syncfusion/ej2-base": "~20.4.48",
        "@syncfusion/ej2-popups": "~20.4.49"
      }
    },
    "node_modules/@syncfusion/ej2-treegrid": {
      "version": "20.4.54",
      "resolved": "https://registry.npmjs.org/@syncfusion/ej2-treegrid/-/ej2-treegrid-20.4.54.tgz",
      "integrity": "sha512-SBp5XbNfCPq0f+/SiwQPv6rdZV60RyQ554x4YEN84lscEDDalGVkKH4WzZlkW1rH87rTAFF4lEnuVjysl4zwJA==",
      "dependencies": {
        "@syncfusion/ej2-base": "~20.4.51",
        "@syncfusion/ej2-data": "~20.4.48",
        "@syncfusion/ej2-grids": "~20.4.54",
        "@syncfusion/ej2-popups": "~20.4.53"
      }
    },
    "node_modules/@types/node": {
      "version": "20.5.0",
      "resolved": "https://registry.npmjs.org/@types/node/-/node-20.5.0.tgz",
      "integrity": "sha512-Mgq7eCtoTjT89FqNoTzzXg2XvCi5VMhRV6+I2aYanc6kQCBImeNaAYRs/DyoVqk1YEUJK5gN9VO7HRIdz4Wo3Q=="
    },
    "node_modules/@types/prop-types": {
      "version": "15.7.5",
      "resolved": "https://registry.npmjs.org/@types/prop-types/-/prop-types-15.7.5.tgz",
      "integrity": "sha512-JCB8C6SnDoQf0cNycqd/35A7MjcnK+ZTqE7judS6o7utxUCg6imJg3QK2qzHKszlTjcj2cn+NwMB2i96ubpj7w=="
    },
    "node_modules/@types/react": {
      "version": "18.2.20",
      "resolved": "https://registry.npmjs.org/@types/react/-/react-18.2.20.tgz",
      "integrity": "sha512-WKNtmsLWJM/3D5mG4U84cysVY31ivmyw85dE84fOCk5Hx78wezB/XEjVPWl2JTZ5FkEeaTJf+VgUAUn3PE7Isw==",
      "dependencies": {
        "@types/prop-types": "*",
        "@types/scheduler": "*",
        "csstype": "^3.0.2"
      }
    },
    "node_modules/@types/react-dom": {
      "version": "18.2.7",
      "resolved": "https://registry.npmjs.org/@types/react-dom/-/react-dom-18.2.7.tgz",
      "integrity": "sha512-GRaAEriuT4zp9N4p1i8BDBYmEyfo+xQ3yHjJU4eiK5NDa1RmUZG+unZABUTK4/Ox/M+GaHwb6Ow8rUITrtjszA==",
      "dependencies": {
        "@types/react": "*"
      }
    },
    "node_modules/@types/scheduler": {
      "version": "0.16.3",
      "resolved": "https://registry.npmjs.org/@types/scheduler/-/scheduler-0.16.3.tgz",
      "integrity": "sha512-5cJ8CB4yAx7BH1oMvdU0Jh9lrEXyPkar6F9G/ERswkCuvP4KQZfZkSjcMbAICCpQTN4OuZn8tz0HiKv9TGZgrQ=="
    },
    "node_modules/busboy": {
      "version": "1.6.0",
      "resolved": "https://registry.npmjs.org/busboy/-/busboy-1.6.0.tgz",
      "integrity": "sha512-8SFQbg/0hQ9xy3UNTB0YEnsNBbWfhf7RtnzpL7TkBiTBRfrQ9Fxcnz7VJsleJpyp6rVLvXiuORqjlHi5q+PYuA==",
      "dependencies": {
        "streamsearch": "^1.1.0"
      },
      "engines": {
        "node": ">=10.16.0"
      }
    },
    "node_modules/caniuse-lite": {
      "version": "1.0.30001518",
      "resolved": "https://registry.npmjs.org/caniuse-lite/-/caniuse-lite-1.0.30001518.tgz",
      "integrity": "sha512-rup09/e3I0BKjncL+FesTayKtPrdwKhUufQFd3riFw1hHg8JmIFoInYfB102cFcY/pPgGmdyl/iy+jgiDi2vdA==",
      "funding": [
        {
          "type": "opencollective",
          "url": "https://opencollective.com/browserslist"
        },
        {
          "type": "tidelift",
          "url": "https://tidelift.com/funding/github/npm/caniuse-lite"
        },
        {
          "type": "github",
          "url": "https://github.com/sponsors/ai"
        }
      ]
    },
    "node_modules/client-only": {
      "version": "0.0.1",
      "resolved": "https://registry.npmjs.org/client-only/-/client-only-0.0.1.tgz",
      "integrity": "sha512-IV3Ou0jSMzZrd3pZ48nLkT9DA7Ag1pnPzaiQhpW7c3RbcqqzvzzVu+L8gfqMp/8IM2MQtSiqaCxrrcfu8I8rMA=="
    },
    "node_modules/csstype": {
      "version": "3.1.2",
      "resolved": "https://registry.npmjs.org/csstype/-/csstype-3.1.2.tgz",
      "integrity": "sha512-I7K1Uu0MBPzaFKg4nI5Q7Vs2t+3gWWW648spaF+Rg7pI9ds18Ugn+lvg4SHczUdKlHI5LWBXyqfS8+DufyBsgQ=="
    },
    "node_modules/glob-to-regexp": {
      "version": "0.4.1",
      "resolved": "https://registry.npmjs.org/glob-to-regexp/-/glob-to-regexp-0.4.1.tgz",
      "integrity": "sha512-lkX1HJXwyMcprw/5YUZc2s7DrpAiHB21/V+E1rHUrVNokkvB6bqMzT0VfV6/86ZNabt1k14YOIaT7nDvOX3Iiw=="
    },
    "node_modules/graceful-fs": {
      "version": "4.2.11",
      "resolved": "https://registry.npmjs.org/graceful-fs/-/graceful-fs-4.2.11.tgz",
      "integrity": "sha512-RbJ5/jmFcNNCcDV5o9eTnBLJ/HszWV0P73bc+Ff4nS/rJj+YaS6IGyiOL0VoBYX+l1Wrl3k63h/KrH+nhJ0XvQ=="
    },
    "node_modules/html-parse-stringify": {
      "version": "3.0.1",
      "resolved": "https://registry.npmjs.org/html-parse-stringify/-/html-parse-stringify-3.0.1.tgz",
      "integrity": "sha512-KknJ50kTInJ7qIScF3jeaFRpMpE8/lfiTdzf/twXyPBLAGrLRTmkz3AdTnKeh40X8k9L2fdYwEp/42WGXIRGcg==",
      "dependencies": {
        "void-elements": "3.1.0"
      }
    },
    "node_modules/i18next": {
      "version": "22.4.15",
      "resolved": "https://registry.npmjs.org/i18next/-/i18next-22.4.15.tgz",
      "integrity": "sha512-yYudtbFrrmWKLEhl6jvKUYyYunj4bTBCe2qIUYAxbXoPusY7YmdwPvOE6fx6UIfWvmlbCWDItr7wIs8KEBZ5Zg==",
      "funding": [
        {
          "type": "individual",
          "url": "https://locize.com"
        },
        {
          "type": "individual",
          "url": "https://locize.com/i18next.html"
        },
        {
          "type": "individual",
          "url": "https://www.i18next.com/how-to/faq#i18next-is-awesome.-how-can-i-support-the-project"
        }
      ],
      "dependencies": {
        "@babel/runtime": "^7.20.6"
      }
    },
    "node_modules/js-tokens": {
      "version": "4.0.0",
      "resolved": "https://registry.npmjs.org/js-tokens/-/js-tokens-4.0.0.tgz",
      "integrity": "sha512-RdJUflcE3cUzKiMqQgsCu06FPu9UdIJO0beYbPhHN4k6apgJtifcoCtT9bcxOpYBtpD2kCM6Sbzg4CausW/PKQ=="
    },
    "node_modules/loose-envify": {
      "version": "1.4.0",
      "resolved": "https://registry.npmjs.org/loose-envify/-/loose-envify-1.4.0.tgz",
      "integrity": "sha512-lyuxPGr/Wfhrlem2CL/UcnUc1zcqKAImBDzukY7Y5F/yQiNdko6+fRLevlw1HgMySw7f611UIY408EtxRSoK3Q==",
      "dependencies": {
        "js-tokens": "^3.0.0 || ^4.0.0"
      },
      "bin": {
        "loose-envify": "cli.js"
      }
    },
    "node_modules/nanoid": {
      "version": "3.3.6",
      "resolved": "https://registry.npmjs.org/nanoid/-/nanoid-3.3.6.tgz",
      "integrity": "sha512-BGcqMMJuToF7i1rt+2PWSNVnWIkGCU78jBG3RxO/bZlnZPK2Cmi2QaffxGO/2RvWi9sL+FAiRiXMgsyxQ1DIDA==",
      "funding": [
        {
          "type": "github",
          "url": "https://github.com/sponsors/ai"
        }
      ],
      "bin": {
        "nanoid": "bin/nanoid.cjs"
      },
      "engines": {
        "node": "^10 || ^12 || ^13.7 || ^14 || >=15.0.1"
      }
    },
    "node_modules/next": {
      "version": "13.4.17",
      "resolved": "https://registry.npmjs.org/next/-/next-13.4.17.tgz",
      "integrity": "sha512-f0L+lbQA+GFkHu9wpupiURLFIEEPSVQhUuR+5lQNI+aFzbCbCGl7h0Vurs1jA4wtP7T7fEO0iSWmt37+88wIZA==",
      "dependencies": {
        "@next/env": "13.4.17",
        "@swc/helpers": "0.5.1",
        "busboy": "1.6.0",
        "caniuse-lite": "^1.0.30001406",
        "postcss": "8.4.14",
        "styled-jsx": "5.1.1",
        "watchpack": "2.4.0",
        "zod": "3.21.4"
      },
      "bin": {
        "next": "dist/bin/next"
      },
      "engines": {
        "node": ">=16.8.0"
      },
      "optionalDependencies": {
        "@next/swc-darwin-arm64": "13.4.17",
        "@next/swc-darwin-x64": "13.4.17",
        "@next/swc-linux-arm64-gnu": "13.4.17",
        "@next/swc-linux-arm64-musl": "13.4.17",
        "@next/swc-linux-x64-gnu": "13.4.17",
        "@next/swc-linux-x64-musl": "13.4.17",
        "@next/swc-win32-arm64-msvc": "13.4.17",
        "@next/swc-win32-ia32-msvc": "13.4.17",
        "@next/swc-win32-x64-msvc": "13.4.17"
      },
      "peerDependencies": {
        "@opentelemetry/api": "^1.1.0",
        "react": "^18.2.0",
        "react-dom": "^18.2.0",
        "sass": "^1.3.0"
      },
      "peerDependenciesMeta": {
        "@opentelemetry/api": {
          "optional": true
        },
        "sass": {
          "optional": true
        }
      }
    },
    "node_modules/picocolors": {
      "version": "1.0.0",
      "resolved": "https://registry.npmjs.org/picocolors/-/picocolors-1.0.0.tgz",
      "integrity": "sha512-1fygroTLlHu66zi26VoTDv8yRgm0Fccecssto+MhsZ0D/DGW2sm8E8AjW7NU5VVTRt5GxbeZ5qBuJr+HyLYkjQ=="
    },
    "node_modules/postcss": {
      "version": "8.4.14",
      "resolved": "https://registry.npmjs.org/postcss/-/postcss-8.4.14.tgz",
      "integrity": "sha512-E398TUmfAYFPBSdzgeieK2Y1+1cpdxJx8yXbK/m57nRhKSmk1GB2tO4lbLBtlkfPQTDKfe4Xqv1ASWPpayPEig==",
      "funding": [
        {
          "type": "opencollective",
          "url": "https://opencollective.com/postcss/"
        },
        {
          "type": "tidelift",
          "url": "https://tidelift.com/funding/github/npm/postcss"
        }
      ],
      "dependencies": {
        "nanoid": "^3.3.4",
        "picocolors": "^1.0.0",
        "source-map-js": "^1.0.2"
      },
      "engines": {
        "node": "^10 || ^12 || >=14"
      }
    },
    "node_modules/react": {
      "version": "18.2.0",
      "resolved": "https://registry.npmjs.org/react/-/react-18.2.0.tgz",
      "integrity": "sha512-/3IjMdb2L9QbBdWiW5e3P2/npwMBaU9mHCSCUzNln0ZCYbcfTsGbTJrU/kGemdH2IWmB2ioZ+zkxtmq6g09fGQ==",
      "dependencies": {
        "loose-envify": "^1.1.0"
      },
      "engines": {
        "node": ">=0.10.0"
      }
    },
    "node_modules/react-dom": {
      "version": "18.2.0",
      "resolved": "https://registry.npmjs.org/react-dom/-/react-dom-18.2.0.tgz",
      "integrity": "sha512-6IMTriUmvsjHUjNtEDudZfuDQUoWXVxKHhlEGSk81n4YFS+r/Kl99wXiwlVXtPBtJenozv2P+hxDsw9eA7Xo6g==",
      "dependencies": {
        "loose-envify": "^1.1.0",
        "scheduler": "^0.23.0"
      },
      "peerDependencies": {
        "react": "^18.2.0"
      }
    },
    "node_modules/react-error-boundary": {
      "version": "4.0.4",
      "resolved": "https://registry.npmjs.org/react-error-boundary/-/react-error-boundary-4.0.4.tgz",
      "integrity": "sha512-AbqMFx8bCsob8rCHZvJYQ42MQijK0/034RUvan9qrqyJCpazr8d9vKHrysbxcr6odoHLZvQEcYomFPoIqH9fow==",
      "dependencies": {
        "@babel/runtime": "^7.12.5"
      },
      "peerDependencies": {
        "react": ">=16.13.1"
      }
    },
    "node_modules/react-i18next": {
      "version": "12.3.1",
      "resolved": "https://registry.npmjs.org/react-i18next/-/react-i18next-12.3.1.tgz",
      "integrity": "sha512-5v8E2XjZDFzK7K87eSwC7AJcAkcLt5xYZ4+yTPDAW1i7C93oOY1dnr4BaQM7un4Hm+GmghuiPvevWwlca5PwDA==",
      "dependencies": {
        "@babel/runtime": "^7.20.6",
        "html-parse-stringify": "^3.0.1"
      },
      "peerDependencies": {
        "i18next": ">= 19.0.0",
        "react": ">= 16.8.0"
      },
      "peerDependenciesMeta": {
        "react-dom": {
          "optional": true
        },
        "react-native": {
          "optional": true
        }
      }
    },
    "node_modules/regenerator-runtime": {
      "version": "0.13.11",
      "resolved": "https://registry.npmjs.org/regenerator-runtime/-/regenerator-runtime-0.13.11.tgz",
      "integrity": "sha512-kY1AZVr2Ra+t+piVaJ4gxaFaReZVH40AKNo7UCX6W+dEwBo/2oZJzqfuN1qLq1oL45o56cPaTXELwrTh8Fpggg=="
    },
    "node_modules/scheduler": {
      "version": "0.23.0",
      "resolved": "https://registry.npmjs.org/scheduler/-/scheduler-0.23.0.tgz",
      "integrity": "sha512-CtuThmgHNg7zIZWAXi3AsyIzA3n4xx7aNyjwC2VJldO2LMVDhFK+63xGqq6CsJH4rTAt6/M+N4GhZiDYPx9eUw==",
      "dependencies": {
        "loose-envify": "^1.1.0"
      }
    },
    "node_modules/source-map-js": {
      "version": "1.0.2",
      "resolved": "https://registry.npmjs.org/source-map-js/-/source-map-js-1.0.2.tgz",
      "integrity": "sha512-R0XvVJ9WusLiqTCEiGCmICCMplcCkIwwR11mOSD9CR5u+IXYdiseeEuXCVAjS54zqwkLcPNnmU4OeJ6tUrWhDw==",
      "engines": {
        "node": ">=0.10.0"
      }
    },
    "node_modules/streamsearch": {
      "version": "1.1.0",
      "resolved": "https://registry.npmjs.org/streamsearch/-/streamsearch-1.1.0.tgz",
      "integrity": "sha512-Mcc5wHehp9aXz1ax6bZUyY5afg9u2rv5cqQI3mRrYkGC8rW2hM02jWuwjtL++LS5qinSyhj2QfLyNsuc+VsExg==",
      "engines": {
        "node": ">=10.0.0"
      }
    },
    "node_modules/styled-jsx": {
      "version": "5.1.1",
      "resolved": "https://registry.npmjs.org/styled-jsx/-/styled-jsx-5.1.1.tgz",
      "integrity": "sha512-pW7uC1l4mBZ8ugbiZrcIsiIvVx1UmTfw7UkC3Um2tmfUq9Bhk8IiyEIPl6F8agHgjzku6j0xQEZbfA5uSgSaCw==",
      "dependencies": {
        "client-only": "0.0.1"
      },
      "engines": {
        "node": ">= 12.0.0"
      },
      "peerDependencies": {
        "react": ">= 16.8.0 || 17.x.x || ^18.0.0-0"
      },
      "peerDependenciesMeta": {
        "@babel/core": {
          "optional": true
        },
        "babel-plugin-macros": {
          "optional": true
        }
      }
    },
    "node_modules/swr": {
      "version": "2.1.5",
      "resolved": "https://registry.npmjs.org/swr/-/swr-2.1.5.tgz",
      "integrity": "sha512-/OhfZMcEpuz77KavXST5q6XE9nrOBOVcBLWjMT+oAE/kQHyE3PASrevXCtQDZ8aamntOfFkbVJp7Il9tNBQWrw==",
      "dependencies": {
        "use-sync-external-store": "^1.2.0"
      },
      "peerDependencies": {
        "react": "^16.11.0 || ^17.0.0 || ^18.0.0"
      }
    },
    "node_modules/tslib": {
      "version": "2.6.1",
      "resolved": "https://registry.npmjs.org/tslib/-/tslib-2.6.1.tgz",
      "integrity": "sha512-t0hLfiEKfMUoqhG+U1oid7Pva4bbDPHYfJNiB7BiIjRkj1pyC++4N3huJfqY6aRH6VTB0rvtzQwjM4K6qpfOig=="
    },
    "node_modules/typescript": {
      "version": "5.1.6",
      "resolved": "https://registry.npmjs.org/typescript/-/typescript-5.1.6.tgz",
      "integrity": "sha512-zaWCozRZ6DLEWAWFrVDz1H6FVXzUSfTy5FUMWsQlU8Ym5JP9eO4xkTIROFCQvhQf61z6O/G6ugw3SgAnvvm+HA==",
      "bin": {
        "tsc": "bin/tsc",
        "tsserver": "bin/tsserver"
      },
      "engines": {
        "node": ">=14.17"
      }
    },
    "node_modules/use-sync-external-store": {
      "version": "1.2.0",
      "resolved": "https://registry.npmjs.org/use-sync-external-store/-/use-sync-external-store-1.2.0.tgz",
      "integrity": "sha512-eEgnFxGQ1Ife9bzYs6VLi8/4X6CObHMw9Qr9tPY43iKwsPw8xE8+EFsf/2cFZ5S3esXgpWgtSCtLNS41F+sKPA==",
      "peerDependencies": {
        "react": "^16.8.0 || ^17.0.0 || ^18.0.0"
      }
    },
    "node_modules/void-elements": {
      "version": "3.1.0",
      "resolved": "https://registry.npmjs.org/void-elements/-/void-elements-3.1.0.tgz",
      "integrity": "sha512-Dhxzh5HZuiHQhbvTW9AMetFfBHDMYpo23Uo9btPXgdYP+3T5S+p+jgNy7spra+veYhBP2dCSgxR/i2Y02h5/6w==",
      "engines": {
        "node": ">=0.10.0"
      }
    },
    "node_modules/watchpack": {
      "version": "2.4.0",
      "resolved": "https://registry.npmjs.org/watchpack/-/watchpack-2.4.0.tgz",
      "integrity": "sha512-Lcvm7MGST/4fup+ifyKi2hjyIAwcdI4HRgtvTpIUxBRhB+RFtUh8XtDOxUfctVCnhVi+QQj49i91OyvzkJl6cg==",
      "dependencies": {
        "glob-to-regexp": "^0.4.1",
        "graceful-fs": "^4.1.2"
      },
      "engines": {
        "node": ">=10.13.0"
      }
    },
    "node_modules/zod": {
      "version": "3.21.4",
      "resolved": "https://registry.npmjs.org/zod/-/zod-3.21.4.tgz",
      "integrity": "sha512-m46AKbrzKVzOzs/DZgVnG5H55N1sv1M8qZU3A8RIKbs3mrACDNeIOeilDymVb2HdmP8uwshOCF4uJ8uM9rCqJw==",
      "funding": {
        "url": "https://github.com/sponsors/colinhacks"
      }
    }
  }
}
